<?xml version="1.0" encoding="utf-8"?>
<Project ToolsVersion="4.0" xmlns="http://schemas.microsoft.com/developer/msbuild/2003">
  <ItemGroup>
    <Filter Include="Resources">
      <UniqueIdentifier>5fd0e509-b6ae-4f29-bd2a-4d2cc10f3aa0</UniqueIdentifier>
      <Extensions>rc;ico;cur;bmp;dlg;rc2;rct;bin;rgs;gif;jpg;jpeg;jpe;resx;tiff;tif;png;wav;mfcribbon-ms</Extensions>
    </Filter>
    <Filter Include="Include">
      <UniqueIdentifier>{49e4985d-3782-4fe5-9d06-da74a1e119c6}</UniqueIdentifier>
    </Filter>
    <Filter Include="Source">
      <UniqueIdentifier>{731f2539-c581-4e05-a7e0-39bc34d94b9b}</UniqueIdentifier>
    </Filter>
  </ItemGroup>
  <ItemGroup>
    <ClCompile Include="pch.cpp" />
    <ClCompile Include="LameWrapper.cpp">
      <Filter>Source</Filter>
    </ClCompile>
    <ClCompile Include="CompressedMp3Content.cpp">
      <Filter>Source</Filter>
    </ClCompile>
    <ClCompile Include="LibmadWrapper.cpp">
      <Filter>Source</Filter>
    </ClCompile>
    <ClCompile Include="RawPCMContent.cpp">
      <Filter>Source</Filter>
    </ClCompile>
  </ItemGroup>
  <ItemGroup>
    <ClInclude Include="pch.h" />
    <ClInclude Include="LameWrapper.h">
      <Filter>Include</Filter>
    </ClInclude>
    <ClInclude Include="CompressedMp3Content.h">
      <Filter>Include</Filter>
    </ClInclude>
    <ClInclude Include="LibmadWrapper.h">
      <Filter>Include</Filter>
    </ClInclude>
    <ClInclude Include="RawPCMContent.h">
      <Filter>Include</Filter>
    </ClInclude>
  </ItemGroup>
</Project>